
Microsoft Visual Studio Solution File, Format Version 12.00
# Visual Studio Version 17
VisualStudioVersion = 17.2.32630.192
MinimumVisualStudioVersion = 10.0.40219.1
Project("{9A19103F-16F7-4668-BE54-9A1E7A4F7556}") = "Net6Fundamentals", "Net6Fundamentals\Net6Fundamentals.csproj", "{DD3B9900-9649-4989-A633-A81030C15F91}"
EndProject
Project("{FAE04EC0-301F-11D3-BF4B-00C04F79EFBC}") = "Net6FundamentalsTests", "Net6FundamentalsTests\Net6FundamentalsTests.csproj", "{C84F7E2D-56DE-401F-A383-1FF815C8316A}"
EndProject
Global
	GlobalSection(SolutionConfigurationPlatforms) = preSolution
		Debug|Any CPU = Debug|Any CPU
		Release|Any CPU = Release|Any CPU
	EndGlobalSection
	GlobalSection(ProjectConfigurationPlatforms) = postSolution
		{DD3B9900-9649-4989-A633-A81030C15F91}.Debug|Any CPU.ActiveCfg = Debug|Any CPU
		{DD3B9900-9649-4989-A633-A81030C15F91}.Debug|Any CPU.Build.0 = Debug|Any CPU
		{DD3B9900-9649-4989-A633-A81030C15F91}.Release|Any CPU.ActiveCfg = Release|Any CPU
		{DD3B9900-9649-4989-A633-A81030C15F91}.Release|Any CPU.Build.0 = Release|Any CPU
		{C84F7E2D-56DE-401F-A383-1FF815C8316A}.Debug|Any CPU.ActiveCfg = Debug|Any CPU
		{C84F7E2D-56DE-401F-A383-1FF815C8316A}.Debug|Any CPU.Build.0 = Debug|Any CPU
		{C84F7E2D-56DE-401F-A383-1FF815C8316A}.Release|Any CPU.ActiveCfg = Release|Any CPU
		{C84F7E2D-56DE-401F-A383-1FF815C8316A}.Release|Any CPU.Build.0 = Release|Any CPU
	EndGlobalSection
	GlobalSection(SolutionProperties) = preSolution
		HideSolutionNode = FALSE
	EndGlobalSection
	GlobalSection(ExtensibilityGlobals) = postSolution
		SolutionGuid = {A1A3A6EF-D01B-4DB9-822D-267097C7B95C}
	EndGlobalSection
EndGlobal
